
Microsoft Visual Studio Solution File, Format Version 12.00
# Visual Studio Version 17
VisualStudioVersion = 17.11.35222.181
MinimumVisualStudioVersion = 10.0.40219.1
Project("{9A19103F-16F7-4668-BE54-9A1E7A4F7556}") = "CMCS", "CMCS.csproj", "{FFBD7894-4BE7-4023-972F-8782DB37E574}"
EndProject
Global
	GlobalSection(SolutionConfigurationPlatforms) = preSolution
		Debug|Any CPU = Debug|Any CPU
		Release|Any CPU = Release|Any CPU
	EndGlobalSection
	GlobalSection(ProjectConfigurationPlatforms) = postSolution
		{FFBD7894-4BE7-4023-972F-8782DB37E574}.Debug|Any CPU.ActiveCfg = Debug|Any CPU
		{FFBD7894-4BE7-4023-972F-8782DB37E574}.Debug|Any CPU.Build.0 = Debug|Any CPU
		{FFBD7894-4BE7-4023-972F-8782DB37E574}.Release|Any CPU.ActiveCfg = Release|Any CPU
		{FFBD7894-4BE7-4023-972F-8782DB37E574}.Release|Any CPU.Build.0 = Release|Any CPU
	EndGlobalSection
	GlobalSection(SolutionProperties) = preSolution
		HideSolutionNode = FALSE
	EndGlobalSection
	GlobalSection(ExtensibilityGlobals) = postSolution
		SolutionGuid = {3444A55A-E14D-4F76-A6E9-64FCC60ACA59}
	EndGlobalSection
EndGlobal
